// !$*UTF8*$!
{
	archiveVersion = 1;
	classes = {
	};
	objectVersion = 55;
	objects = {

/* Begin PBXBuildFile section */
		379F581427C6A8A000F315DD /* TimerViewModel.swift in Sources */ = {isa = PBXBuildFile; fileRef = 379F581327C6A8A000F315DD /* TimerViewModel.swift */; };
		379F581C27C6D72200F315DD /* TunesView.swift in Sources */ = {isa = PBXBuildFile; fileRef = 379F581B27C6D72200F315DD /* TunesView.swift */; };
		379F581E27C6D75A00F315DD /* TunesViewModel.swift in Sources */ = {isa = PBXBuildFile; fileRef = 379F581D27C6D75A00F315DD /* TunesViewModel.swift */; };
		379F582127C6FB2400F315DD /* View+Modifiers.swift in Sources */ = {isa = PBXBuildFile; fileRef = 379F582027C6FB2400F315DD /* View+Modifiers.swift */; };
		379F582327C6FD1800F315DD /* TuneModel.swift in Sources */ = {isa = PBXBuildFile; fileRef = 379F582227C6FD1800F315DD /* TuneModel.swift */; };
		379F582627C711DE00F315DD /* ClassicsView.swift in Sources */ = {isa = PBXBuildFile; fileRef = 379F582527C711DE00F315DD /* ClassicsView.swift */; };
		37DBC4A127C6A6EB004770BE /* MainViewModel.swift in Sources */ = {isa = PBXBuildFile; fileRef = 37DBC4A027C6A6EB004770BE /* MainViewModel.swift */; };
		37DBC4A427C6A793004770BE /* SharedTemp.swift in Sources */ = {isa = PBXBuildFile; fileRef = 37DBC4A327C6A793004770BE /* SharedTemp.swift */; };
		37DBC4A627C6A79E004770BE /* ModelTemp.swift in Sources */ = {isa = PBXBuildFile; fileRef = 37DBC4A527C6A79E004770BE /* ModelTemp.swift */; };
		37DBC4A927C6A806004770BE /* TimerView.swift in Sources */ = {isa = PBXBuildFile; fileRef = 37DBC4A827C6A806004770BE /* TimerView.swift */; };
		FB6414AF27C578E60029B7F7 /* PeptobismolApp.swift in Sources */ = {isa = PBXBuildFile; fileRef = FB6414AE27C578E60029B7F7 /* PeptobismolApp.swift */; };
		FB6414B127C578E60029B7F7 /* MainView.swift in Sources */ = {isa = PBXBuildFile; fileRef = FB6414B027C578E60029B7F7 /* MainView.swift */; };
		FB6414B327C578E70029B7F7 /* Assets.xcassets in Resources */ = {isa = PBXBuildFile; fileRef = FB6414B227C578E70029B7F7 /* Assets.xcassets */; };
		FB6414B627C578E70029B7F7 /* Preview Assets.xcassets in Resources */ = {isa = PBXBuildFile; fileRef = FB6414B527C578E70029B7F7 /* Preview Assets.xcassets */; };
		FB82E7D227C6BE9500E02BC4 /* Coordinator.swift in Sources */ = {isa = PBXBuildFile; fileRef = FB82E7D127C6BE9500E02BC4 /* Coordinator.swift */; };
		FB82E7D427C6C80000E02BC4 /* ViewCreatorProtocol.swift in Sources */ = {isa = PBXBuildFile; fileRef = FB82E7D327C6C80000E02BC4 /* ViewCreatorProtocol.swift */; };
		FBEC6B0327C6CE2C003E4A42 /* MainCoordinator.swift in Sources */ = {isa = PBXBuildFile; fileRef = FBEC6B0227C6CE2C003E4A42 /* MainCoordinator.swift */; };
		FBEC6B0527C6CE84003E4A42 /* MainViewCreator.swift in Sources */ = {isa = PBXBuildFile; fileRef = FBEC6B0427C6CE84003E4A42 /* MainViewCreator.swift */; };
/* End PBXBuildFile section */

/* Begin PBXFileReference section */
		379F581327C6A8A000F315DD /* TimerViewModel.swift */ = {isa = PBXFileReference; lastKnownFileType = sourcecode.swift; path = TimerViewModel.swift; sourceTree = "<group>"; };
		379F581B27C6D72200F315DD /* TunesView.swift */ = {isa = PBXFileReference; lastKnownFileType = sourcecode.swift; path = TunesView.swift; sourceTree = "<group>"; };
		379F581D27C6D75A00F315DD /* TunesViewModel.swift */ = {isa = PBXFileReference; lastKnownFileType = sourcecode.swift; path = TunesViewModel.swift; sourceTree = "<group>"; };
		379F582027C6FB2400F315DD /* View+Modifiers.swift */ = {isa = PBXFileReference; lastKnownFileType = sourcecode.swift; path = "View+Modifiers.swift"; sourceTree = "<group>"; };
		379F582227C6FD1800F315DD /* TuneModel.swift */ = {isa = PBXFileReference; lastKnownFileType = sourcecode.swift; path = TuneModel.swift; sourceTree = "<group>"; };
		379F582527C711DE00F315DD /* ClassicsView.swift */ = {isa = PBXFileReference; lastKnownFileType = sourcecode.swift; path = ClassicsView.swift; sourceTree = "<group>"; };
		37DBC4A027C6A6EB004770BE /* MainViewModel.swift */ = {isa = PBXFileReference; lastKnownFileType = sourcecode.swift; path = MainViewModel.swift; sourceTree = "<group>"; };
		37DBC4A327C6A793004770BE /* SharedTemp.swift */ = {isa = PBXFileReference; lastKnownFileType = sourcecode.swift; path = SharedTemp.swift; sourceTree = "<group>"; };
		37DBC4A527C6A79E004770BE /* ModelTemp.swift */ = {isa = PBXFileReference; lastKnownFileType = sourcecode.swift; path = ModelTemp.swift; sourceTree = "<group>"; };
		37DBC4A827C6A806004770BE /* TimerView.swift */ = {isa = PBXFileReference; lastKnownFileType = sourcecode.swift; path = TimerView.swift; sourceTree = "<group>"; };
		FB6414AB27C578E60029B7F7 /* Peptobismol.app */ = {isa = PBXFileReference; explicitFileType = wrapper.application; includeInIndex = 0; path = Peptobismol.app; sourceTree = BUILT_PRODUCTS_DIR; };
		FB6414AE27C578E60029B7F7 /* PeptobismolApp.swift */ = {isa = PBXFileReference; lastKnownFileType = sourcecode.swift; path = PeptobismolApp.swift; sourceTree = "<group>"; };
		FB6414B027C578E60029B7F7 /* MainView.swift */ = {isa = PBXFileReference; lastKnownFileType = sourcecode.swift; path = MainView.swift; sourceTree = "<group>"; };
		FB6414B227C578E70029B7F7 /* Assets.xcassets */ = {isa = PBXFileReference; lastKnownFileType = folder.assetcatalog; path = Assets.xcassets; sourceTree = "<group>"; };
		FB6414B527C578E70029B7F7 /* Preview Assets.xcassets */ = {isa = PBXFileReference; lastKnownFileType = folder.assetcatalog; path = "Preview Assets.xcassets"; sourceTree = "<group>"; };
		FB82E7D127C6BE9500E02BC4 /* Coordinator.swift */ = {isa = PBXFileReference; lastKnownFileType = sourcecode.swift; path = Coordinator.swift; sourceTree = "<group>"; };
		FB82E7D327C6C80000E02BC4 /* ViewCreatorProtocol.swift */ = {isa = PBXFileReference; lastKnownFileType = sourcecode.swift; path = ViewCreatorProtocol.swift; sourceTree = "<group>"; };
		FBEC6B0227C6CE2C003E4A42 /* MainCoordinator.swift */ = {isa = PBXFileReference; lastKnownFileType = sourcecode.swift; path = MainCoordinator.swift; sourceTree = "<group>"; };
		FBEC6B0427C6CE84003E4A42 /* MainViewCreator.swift */ = {isa = PBXFileReference; lastKnownFileType = sourcecode.swift; path = MainViewCreator.swift; sourceTree = "<group>"; };
/* End PBXFileReference section */

/* Begin PBXFrameworksBuildPhase section */
		FB6414A827C578E60029B7F7 /* Frameworks */ = {
			isa = PBXFrameworksBuildPhase;
			buildActionMask = 2147483647;
			files = (
			);
			runOnlyForDeploymentPostprocessing = 0;
		};
/* End PBXFrameworksBuildPhase section */

/* Begin PBXGroup section */
		379F581A27C6D63000F315DD /* Tunes */ = {
			isa = PBXGroup;
			children = (
				379F582427C711C800F315DD /* Classics */,
				379F581B27C6D72200F315DD /* TunesView.swift */,
				379F581D27C6D75A00F315DD /* TunesViewModel.swift */,
				379F582227C6FD1800F315DD /* TuneModel.swift */,
			);
			path = Tunes;
			sourceTree = "<group>";
		};
		379F581F27C6FAFF00F315DD /* Extensions */ = {
			isa = PBXGroup;
			children = (
				379F582027C6FB2400F315DD /* View+Modifiers.swift */,
			);
			path = Extensions;
			sourceTree = "<group>";
		};
		379F582427C711C800F315DD /* Classics */ = {
			isa = PBXGroup;
			children = (
				379F582527C711DE00F315DD /* ClassicsView.swift */,
			);
			path = Classics;
			sourceTree = "<group>";
		};
		37DBC49B27C6A680004770BE /* View */ = {
			isa = PBXGroup;
			children = (
				37DBC49E27C6A697004770BE /* Screens */,
				37DBC49D27C6A691004770BE /* Shared */,
			);
			path = View;
			sourceTree = "<group>";
		};
		37DBC49C27C6A68C004770BE /* Model */ = {
			isa = PBXGroup;
			children = (
				37DBC4A527C6A79E004770BE /* ModelTemp.swift */,
			);
			path = Model;
			sourceTree = "<group>";
		};
		37DBC49D27C6A691004770BE /* Shared */ = {
			isa = PBXGroup;
			children = (
				37DBC4A327C6A793004770BE /* SharedTemp.swift */,
				FB82E7D327C6C80000E02BC4 /* ViewCreatorProtocol.swift */,
			);
			path = Shared;
			sourceTree = "<group>";
		};
		37DBC49E27C6A697004770BE /* Screens */ = {
			isa = PBXGroup;
			children = (
				379F581A27C6D63000F315DD /* Tunes */,
				37DBC4A727C6A7EB004770BE /* Timer */,
				37DBC49F27C6A6A8004770BE /* Main */,
			);
			path = Screens;
			sourceTree = "<group>";
		};
		37DBC49F27C6A6A8004770BE /* Main */ = {
			isa = PBXGroup;
			children = (
				FB6414B027C578E60029B7F7 /* MainView.swift */,
				37DBC4A027C6A6EB004770BE /* MainViewModel.swift */,
				FBEC6B0427C6CE84003E4A42 /* MainViewCreator.swift */,
			);
			path = Main;
			sourceTree = "<group>";
		};
		37DBC4A227C6A753004770BE /* Resources */ = {
			isa = PBXGroup;
			children = (
				FB6414B427C578E70029B7F7 /* Preview Content */,
				FB6414B227C578E70029B7F7 /* Assets.xcassets */,
			);
			path = Resources;
			sourceTree = "<group>";
		};
		37DBC4A727C6A7EB004770BE /* Timer */ = {
			isa = PBXGroup;
			children = (
				37DBC4A827C6A806004770BE /* TimerView.swift */,
				379F581327C6A8A000F315DD /* TimerViewModel.swift */,
			);
			path = Timer;
			sourceTree = "<group>";
		};
		FB6414A227C578E60029B7F7 = {
			isa = PBXGroup;
			children = (
				FB6414AD27C578E60029B7F7 /* Peptobismol */,
				FB6414AC27C578E60029B7F7 /* Products */,
			);
			sourceTree = "<group>";
		};
		FB6414AC27C578E60029B7F7 /* Products */ = {
			isa = PBXGroup;
			children = (
				FB6414AB27C578E60029B7F7 /* Peptobismol.app */,
			);
			name = Products;
			sourceTree = "<group>";
		};
		FB6414AD27C578E60029B7F7 /* Peptobismol */ = {
			isa = PBXGroup;
			children = (
				379F581F27C6FAFF00F315DD /* Extensions */,
				FB6414AE27C578E60029B7F7 /* PeptobismolApp.swift */,
				FBEC6B0127C6CE20003E4A42 /* Coordinator */,
				37DBC4A227C6A753004770BE /* Resources */,
				37DBC49C27C6A68C004770BE /* Model */,
				37DBC49B27C6A680004770BE /* View */,
			);
			path = Peptobismol;
			sourceTree = "<group>";
		};
		FB6414B427C578E70029B7F7 /* Preview Content */ = {
			isa = PBXGroup;
			children = (
				FB6414B527C578E70029B7F7 /* Preview Assets.xcassets */,
			);
			path = "Preview Content";
			sourceTree = "<group>";
		};
		FBEC6B0127C6CE20003E4A42 /* Coordinator */ = {
			isa = PBXGroup;
			children = (
				FB82E7D127C6BE9500E02BC4 /* Coordinator.swift */,
				FBEC6B0227C6CE2C003E4A42 /* MainCoordinator.swift */,
			);
			path = Coordinator;
			sourceTree = "<group>";
		};
/* End PBXGroup section */

/* Begin PBXNativeTarget section */
		FB6414AA27C578E60029B7F7 /* Peptobismol */ = {
			isa = PBXNativeTarget;
			buildConfigurationList = FB6414B927C578E70029B7F7 /* Build configuration list for PBXNativeTarget "Peptobismol" */;
			buildPhases = (
				FB6414A727C578E60029B7F7 /* Sources */,
				FB6414A827C578E60029B7F7 /* Frameworks */,
				FB6414A927C578E60029B7F7 /* Resources */,
			);
			buildRules = (
			);
			dependencies = (
			);
			name = Peptobismol;
			productName = Peptobismol;
			productReference = FB6414AB27C578E60029B7F7 /* Peptobismol.app */;
			productType = "com.apple.product-type.application";
		};
/* End PBXNativeTarget section */

/* Begin PBXProject section */
		FB6414A327C578E60029B7F7 /* Project object */ = {
			isa = PBXProject;
			attributes = {
				BuildIndependentTargetsInParallel = 1;
				LastSwiftUpdateCheck = 1320;
				LastUpgradeCheck = 1320;
				TargetAttributes = {
					FB6414AA27C578E60029B7F7 = {
						CreatedOnToolsVersion = 13.2.1;
					};
				};
			};
			buildConfigurationList = FB6414A627C578E60029B7F7 /* Build configuration list for PBXProject "Peptobismol" */;
			compatibilityVersion = "Xcode 13.0";
			developmentRegion = en;
			hasScannedForEncodings = 0;
			knownRegions = (
				en,
				Base,
			);
			mainGroup = FB6414A227C578E60029B7F7;
			productRefGroup = FB6414AC27C578E60029B7F7 /* Products */;
			projectDirPath = "";
			projectRoot = "";
			targets = (
				FB6414AA27C578E60029B7F7 /* Peptobismol */,
			);
		};
/* End PBXProject section */

/* Begin PBXResourcesBuildPhase section */
		FB6414A927C578E60029B7F7 /* Resources */ = {
			isa = PBXResourcesBuildPhase;
			buildActionMask = 2147483647;
			files = (
				FB6414B627C578E70029B7F7 /* Preview Assets.xcassets in Resources */,
				FB6414B327C578E70029B7F7 /* Assets.xcassets in Resources */,
			);
			runOnlyForDeploymentPostprocessing = 0;
		};
/* End PBXResourcesBuildPhase section */

/* Begin PBXSourcesBuildPhase section */
		FB6414A727C578E60029B7F7 /* Sources */ = {
			isa = PBXSourcesBuildPhase;
			buildActionMask = 2147483647;
			files = (
				379F581C27C6D72200F315DD /* TunesView.swift in Sources */,
				379F581427C6A8A000F315DD /* TimerViewModel.swift in Sources */,
				37DBC4A927C6A806004770BE /* TimerView.swift in Sources */,
				379F581E27C6D75A00F315DD /* TunesViewModel.swift in Sources */,
				37DBC4A627C6A79E004770BE /* ModelTemp.swift in Sources */,
				FBEC6B0527C6CE84003E4A42 /* MainViewCreator.swift in Sources */,
				FBEC6B0327C6CE2C003E4A42 /* MainCoordinator.swift in Sources */,
				379F582127C6FB2400F315DD /* View+Modifiers.swift in Sources */,
				37DBC4A427C6A793004770BE /* SharedTemp.swift in Sources */,
				FB82E7D427C6C80000E02BC4 /* ViewCreatorProtocol.swift in Sources */,
				FB82E7D227C6BE9500E02BC4 /* Coordinator.swift in Sources */,
				FB6414B127C578E60029B7F7 /* MainView.swift in Sources */,
				FB6414AF27C578E60029B7F7 /* PeptobismolApp.swift in Sources */,
				379F582627C711DE00F315DD /* ClassicsView.swift in Sources */,
				37DBC4A127C6A6EB004770BE /* MainViewModel.swift in Sources */,
				379F582327C6FD1800F315DD /* TuneModel.swift in Sources */,
			);
			runOnlyForDeploymentPostprocessing = 0;
		};
/* End PBXSourcesBuildPhase section */

/* Begin XCBuildConfiguration section */
		FB6414B727C578E70029B7F7 /* Debug */ = {
			isa = XCBuildConfiguration;
			buildSettings = {
				ALWAYS_SEARCH_USER_PATHS = NO;
				CLANG_ANALYZER_NONNULL = YES;
				CLANG_ANALYZER_NUMBER_OBJECT_CONVERSION = YES_AGGRESSIVE;
				CLANG_CXX_LANGUAGE_STANDARD = "gnu++17";
				CLANG_CXX_LIBRARY = "libc++";
				CLANG_ENABLE_MODULES = YES;
				CLANG_ENABLE_OBJC_ARC = YES;
				CLANG_ENABLE_OBJC_WEAK = YES;
				CLANG_WARN_BLOCK_CAPTURE_AUTORELEASING = YES;
				CLANG_WARN_BOOL_CONVERSION = YES;
				CLANG_WARN_COMMA = YES;
				CLANG_WARN_CONSTANT_CONVERSION = YES;
				CLANG_WARN_DEPRECATED_OBJC_IMPLEMENTATIONS = YES;
				CLANG_WARN_DIRECT_OBJC_ISA_USAGE = YES_ERROR;
				CLANG_WARN_DOCUMENTATION_COMMENTS = YES;
				CLANG_WARN_EMPTY_BODY = YES;
				CLANG_WARN_ENUM_CONVERSION = YES;
				CLANG_WARN_INFINITE_RECURSION = YES;
				CLANG_WARN_INT_CONVERSION = YES;
				CLANG_WARN_NON_LITERAL_NULL_CONVERSION = YES;
				CLANG_WARN_OBJC_IMPLICIT_RETAIN_SELF = YES;
				CLANG_WARN_OBJC_LITERAL_CONVERSION = YES;
				CLANG_WARN_OBJC_ROOT_CLASS = YES_ERROR;
				CLANG_WARN_QUOTED_INCLUDE_IN_FRAMEWORK_HEADER = YES;
				CLANG_WARN_RANGE_LOOP_ANALYSIS = YES;
				CLANG_WARN_STRICT_PROTOTYPES = YES;
				CLANG_WARN_SUSPICIOUS_MOVE = YES;
				CLANG_WARN_UNGUARDED_AVAILABILITY = YES_AGGRESSIVE;
				CLANG_WARN_UNREACHABLE_CODE = YES;
				CLANG_WARN__DUPLICATE_METHOD_MATCH = YES;
				COPY_PHASE_STRIP = NO;
				DEBUG_INFORMATION_FORMAT = dwarf;
				ENABLE_STRICT_OBJC_MSGSEND = YES;
				ENABLE_TESTABILITY = YES;
				GCC_C_LANGUAGE_STANDARD = gnu11;
				GCC_DYNAMIC_NO_PIC = NO;
				GCC_NO_COMMON_BLOCKS = YES;
				GCC_OPTIMIZATION_LEVEL = 0;
				GCC_PREPROCESSOR_DEFINITIONS = (
					"DEBUG=1",
					"$(inherited)",
				);
				GCC_WARN_64_TO_32_BIT_CONVERSION = YES;
				GCC_WARN_ABOUT_RETURN_TYPE = YES_ERROR;
				GCC_WARN_UNDECLARED_SELECTOR = YES;
				GCC_WARN_UNINITIALIZED_AUTOS = YES_AGGRESSIVE;
				GCC_WARN_UNUSED_FUNCTION = YES;
				GCC_WARN_UNUSED_VARIABLE = YES;
				IPHONEOS_DEPLOYMENT_TARGET = 15.2;
				MTL_ENABLE_DEBUG_INFO = INCLUDE_SOURCE;
				MTL_FAST_MATH = YES;
				ONLY_ACTIVE_ARCH = YES;
				SDKROOT = iphoneos;
				SWIFT_ACTIVE_COMPILATION_CONDITIONS = DEBUG;
				SWIFT_OPTIMIZATION_LEVEL = "-Onone";
			};
			name = Debug;
		};
		FB6414B827C578E70029B7F7 /* Release */ = {
			isa = XCBuildConfiguration;
			buildSettings = {
				ALWAYS_SEARCH_USER_PATHS = NO;
				CLANG_ANALYZER_NONNULL = YES;
				CLANG_ANALYZER_NUMBER_OBJECT_CONVERSION = YES_AGGRESSIVE;
				CLANG_CXX_LANGUAGE_STANDARD = "gnu++17";
				CLANG_CXX_LIBRARY = "libc++";
				CLANG_ENABLE_MODULES = YES;
				CLANG_ENABLE_OBJC_ARC = YES;
				CLANG_ENABLE_OBJC_WEAK = YES;
				CLANG_WARN_BLOCK_CAPTURE_AUTORELEASING = YES;
				CLANG_WARN_BOOL_CONVERSION = YES;
				CLANG_WARN_COMMA = YES;
				CLANG_WARN_CONSTANT_CONVERSION = YES;
				CLANG_WARN_DEPRECATED_OBJC_IMPLEMENTATIONS = YES;
				CLANG_WARN_DIRECT_OBJC_ISA_USAGE = YES_ERROR;
				CLANG_WARN_DOCUMENTATION_COMMENTS = YES;
				CLANG_WARN_EMPTY_BODY = YES;
				CLANG_WARN_ENUM_CONVERSION = YES;
				CLANG_WARN_INFINITE_RECURSION = YES;
				CLANG_WARN_INT_CONVERSION = YES;
				CLANG_WARN_NON_LITERAL_NULL_CONVERSION = YES;
				CLANG_WARN_OBJC_IMPLICIT_RETAIN_SELF = YES;
				CLANG_WARN_OBJC_LITERAL_CONVERSION = YES;
				CLANG_WARN_OBJC_ROOT_CLASS = YES_ERROR;
				CLANG_WARN_QUOTED_INCLUDE_IN_FRAMEWORK_HEADER = YES;
				CLANG_WARN_RANGE_LOOP_ANALYSIS = YES;
				CLANG_WARN_STRICT_PROTOTYPES = YES;
				CLANG_WARN_SUSPICIOUS_MOVE = YES;
				CLANG_WARN_UNGUARDED_AVAILABILITY = YES_AGGRESSIVE;
				CLANG_WARN_UNREACHABLE_CODE = YES;
				CLANG_WARN__DUPLICATE_METHOD_MATCH = YES;
				COPY_PHASE_STRIP = NO;
				DEBUG_INFORMATION_FORMAT = "dwarf-with-dsym";
				ENABLE_NS_ASSERTIONS = NO;
				ENABLE_STRICT_OBJC_MSGSEND = YES;
				GCC_C_LANGUAGE_STANDARD = gnu11;
				GCC_NO_COMMON_BLOCKS = YES;
				GCC_WARN_64_TO_32_BIT_CONVERSION = YES;
				GCC_WARN_ABOUT_RETURN_TYPE = YES_ERROR;
				GCC_WARN_UNDECLARED_SELECTOR = YES;
				GCC_WARN_UNINITIALIZED_AUTOS = YES_AGGRESSIVE;
				GCC_WARN_UNUSED_FUNCTION = YES;
				GCC_WARN_UNUSED_VARIABLE = YES;
				IPHONEOS_DEPLOYMENT_TARGET = 15.2;
				MTL_ENABLE_DEBUG_INFO = NO;
				MTL_FAST_MATH = YES;
				SDKROOT = iphoneos;
				SWIFT_COMPILATION_MODE = wholemodule;
				SWIFT_OPTIMIZATION_LEVEL = "-O";
				VALIDATE_PRODUCT = YES;
			};
			name = Release;
		};
		FB6414BA27C578E70029B7F7 /* Debug */ = {
			isa = XCBuildConfiguration;
			buildSettings = {
				ASSETCATALOG_COMPILER_APPICON_NAME = AppIcon;
				ASSETCATALOG_COMPILER_GLOBAL_ACCENT_COLOR_NAME = AccentColor;
				CODE_SIGN_STYLE = Automatic;
				CURRENT_PROJECT_VERSION = 1;
				DEVELOPMENT_ASSET_PATHS = "\"Peptobismol/Resources/Preview Content\"";
				DEVELOPMENT_TEAM = L6B3W3NNQ3;
				ENABLE_PREVIEWS = YES;
				GENERATE_INFOPLIST_FILE = YES;
				INFOPLIST_KEY_UIApplicationSceneManifest_Generation = YES;
				INFOPLIST_KEY_UIApplicationSupportsIndirectInputEvents = YES;
				INFOPLIST_KEY_UILaunchScreen_Generation = YES;
				INFOPLIST_KEY_UISupportedInterfaceOrientations_iPad = "UIInterfaceOrientationPortrait UIInterfaceOrientationPortraitUpsideDown UIInterfaceOrientationLandscapeLeft UIInterfaceOrientationLandscapeRight";
				INFOPLIST_KEY_UISupportedInterfaceOrientations_iPhone = "UIInterfaceOrientationPortrait UIInterfaceOrientationLandscapeLeft UIInterfaceOrientationLandscapeRight";
				LD_RUNPATH_SEARCH_PATHS = (
					"$(inherited)",
					"@executable_path/Frameworks",
				);
				MARKETING_VERSION = 1.0;
				PRODUCT_BUNDLE_IDENTIFIER = "eu-ne.Peptobismol";
				PRODUCT_NAME = "$(TARGET_NAME)";
				SWIFT_EMIT_LOC_STRINGS = YES;
				SWIFT_VERSION = 5.0;
				TARGETED_DEVICE_FAMILY = "1,2";
			};
			name = Debug;
		};
		FB6414BB27C578E70029B7F7 /* Release */ = {
			isa = XCBuildConfiguration;
			buildSettings = {
				ASSETCATALOG_COMPILER_APPICON_NAME = AppIcon;
				ASSETCATALOG_COMPILER_GLOBAL_ACCENT_COLOR_NAME = AccentColor;
				CODE_SIGN_STYLE = Automatic;
				CURRENT_PROJECT_VERSION = 1;
				DEVELOPMENT_ASSET_PATHS = "\"Peptobismol/Resources/Preview Content\"";
				DEVELOPMENT_TEAM = L6B3W3NNQ3;
				ENABLE_PREVIEWS = YES;
				GENERATE_INFOPLIST_FILE = YES;
				INFOPLIST_KEY_UIApplicationSceneManifest_Generation = YES;
				INFOPLIST_KEY_UIApplicationSupportsIndirectInputEvents = YES;
				INFOPLIST_KEY_UILaunchScreen_Generation = YES;
				INFOPLIST_KEY_UISupportedInterfaceOrientations_iPad = "UIInterfaceOrientationPortrait UIInterfaceOrientationPortraitUpsideDown UIInterfaceOrientationLandscapeLeft UIInterfaceOrientationLandscapeRight";
				INFOPLIST_KEY_UISupportedInterfaceOrientations_iPhone = "UIInterfaceOrientationPortrait UIInterfaceOrientationLandscapeLeft UIInterfaceOrientationLandscapeRight";
				LD_RUNPATH_SEARCH_PATHS = (
					"$(inherited)",
					"@executable_path/Frameworks",
				);
				MARKETING_VERSION = 1.0;
				PRODUCT_BUNDLE_IDENTIFIER = "eu-ne.Peptobismol";
				PRODUCT_NAME = "$(TARGET_NAME)";
				SWIFT_EMIT_LOC_STRINGS = YES;
				SWIFT_VERSION = 5.0;
				TARGETED_DEVICE_FAMILY = "1,2";
			};
			name = Release;
		};
/* End XCBuildConfiguration section */

/* Begin XCConfigurationList section */
		FB6414A627C578E60029B7F7 /* Build configuration list for PBXProject "Peptobismol" */ = {
			isa = XCConfigurationList;
			buildConfigurations = (
				FB6414B727C578E70029B7F7 /* Debug */,
				FB6414B827C578E70029B7F7 /* Release */,
			);
			defaultConfigurationIsVisible = 0;
			defaultConfigurationName = Release;
		};
		FB6414B927C578E70029B7F7 /* Build configuration list for PBXNativeTarget "Peptobismol" */ = {
			isa = XCConfigurationList;
			buildConfigurations = (
				FB6414BA27C578E70029B7F7 /* Debug */,
				FB6414BB27C578E70029B7F7 /* Release */,
			);
			defaultConfigurationIsVisible = 0;
			defaultConfigurationName = Release;
		};
/* End XCConfigurationList section */
	};
	rootObject = FB6414A327C578E60029B7F7 /* Project object */;
}
